{
    "_readme": [
        "This file locks the dependencies of your project to a known state",
        "Read more about it at https://getcomposer.org/doc/01-basic-usage.md#installing-dependencies",
        "This file is @generated automatically"
    ],
    "content-hash": "c508fbaadf0a577e65dfad31df5ac719",
    "packages": [
        {
            "name": "pear/console_getopt",
            "version": "v1.4.3",
            "source": {
                "type": "git",
                "url": "https://github.com/pear/Console_Getopt.git",
                "reference": "a41f8d3e668987609178c7c4a9fe48fecac53fa0"
            },
            "dist": {
                "type": "zip",
                "url": "https://api.github.com/repos/pear/Console_Getopt/zipball/a41f8d3e668987609178c7c4a9fe48fecac53fa0",
                "reference": "a41f8d3e668987609178c7c4a9fe48fecac53fa0",
                "shasum": ""
            },
            "type": "library",
            "autoload": {
                "psr-0": {
                    "Console": "./"
                }
            },
            "notification-url": "https://packagist.org/downloads/",
            "include-path": [
                "./"
            ],
            "license": [
                "BSD-2-Clause"
            ],
            "authors": [
                {
                    "name": "Andrei Zmievski",
                    "email": "andrei@php.net",
                    "role": "Lead"
                },
                {
                    "name": "Stig Bakken",
                    "email": "stig@php.net",
                    "role": "Developer"
                },
                {
                    "name": "Greg Beaver",
                    "email": "cellog@php.net",
                    "role": "Helper"
                }
            ],
            "description": "More info available on: http://pear.php.net/package/Console_Getopt",
            "support": {
                "issues": "http://pear.php.net/bugs/search.php?cmd=display&package_name[]=Console_Getopt",
                "source": "https://github.com/pear/Console_Getopt"
            },
            "time": "2019-11-20T18:27:48+00:00"
        },
        {
            "name": "pear/mail",
            "version": "v1.4.1",
            "source": {
                "type": "git",
                "url": "https://github.com/pear/Mail.git",
                "reference": "9609ed5e42ac5b221dfd9af85de005c59d418ee7"
            },
            "dist": {
                "type": "zip",
                "url": "https://api.github.com/repos/pear/Mail/zipball/9609ed5e42ac5b221dfd9af85de005c59d418ee7",
                "reference": "9609ed5e42ac5b221dfd9af85de005c59d418ee7",
                "shasum": ""
            },
            "require": {
                "pear/pear-core-minimal": "~1.9",
                "php": ">=5.2.1"
            },
            "require-dev": {
                "pear/pear": "*"
            },
            "suggest": {
                "pear/net_smtp": "Install optionally via your project's composer.json"
            },
            "type": "library",
            "autoload": {
                "psr-0": {
                    "Mail": "./"
                }
            },
            "notification-url": "https://packagist.org/downloads/",
            "include-path": [
                "./"
            ],
            "license": [
                "BSD-2-Clause"
            ],
            "authors": [
                {
                    "name": "Chuck Hagenbuch",
                    "email": "chuck@horde.org",
                    "role": "Lead"
                },
                {
                    "name": "Richard Heyes",
                    "email": "richard@phpguru.org",
                    "role": "Developer"
                },
                {
                    "name": "Aleksander Machniak",
                    "email": "alec@alec.pl",
                    "role": "Developer"
                }
            ],
            "description": "Class that provides multiple interfaces for sending emails.",
            "homepage": "http://pear.php.net/package/Mail",
            "support": {
                "issues": "http://pear.php.net/bugs/search.php?cmd=display&package_name[]=Mail",
                "source": "https://github.com/pear/Mail"
            },
            "time": "2017-04-11T17:27:29+00:00"
        },
        {
            "name": "pear/mail_mime",
            "version": "1.10.11",
            "source": {
                "type": "git",
                "url": "https://github.com/pear/Mail_Mime.git",
                "reference": "d4fb9ce61201593d0f8c6db629c45e29c3409c14"
            },
            "dist": {
                "type": "zip",
                "url": "https://api.github.com/repos/pear/Mail_Mime/zipball/d4fb9ce61201593d0f8c6db629c45e29c3409c14",
                "reference": "d4fb9ce61201593d0f8c6db629c45e29c3409c14",
                "shasum": ""
            },
            "require": {
                "pear/pear-core-minimal": "*",
                "php": ">=5.2.0"
            },
            "type": "library",
            "autoload": {
                "psr-0": {
                    "Mail": "./"
                }
            },
            "notification-url": "https://packagist.org/downloads/",
            "include-path": [
                "./"
            ],
            "license": [
                "BSD-3-Clause"
            ],
            "authors": [
                {
                    "name": "Cipriano Groenendal",
                    "email": "cipri@php.net",
                    "role": "Lead"
                },
                {
                    "name": "Aleksander Machniak",
                    "email": "alec@php.net",
                    "role": "Lead"
                }
            ],
            "description": "Mail_Mime provides classes to create MIME messages",
            "homepage": "http://pear.php.net/package/Mail_Mime",
            "support": {
                "issues": "http://pear.php.net/bugs/search.php?cmd=display&package_name[]=Mail_Mime",
                "source": "https://github.com/pear/Mail_Mime"
            },
            "time": "2021-09-05T08:42:45+00:00"
        },
        {
            "name": "pear/pear-core-minimal",
            "version": "v1.10.11",
            "source": {
                "type": "git",
                "url": "https://github.com/pear/pear-core-minimal.git",
                "reference": "68d0d32ada737153b7e93b8d3c710ebe70ac867d"
            },
            "dist": {
                "type": "zip",
                "url": "https://api.github.com/repos/pear/pear-core-minimal/zipball/68d0d32ada737153b7e93b8d3c710ebe70ac867d",
                "reference": "68d0d32ada737153b7e93b8d3c710ebe70ac867d",
                "shasum": ""
            },
            "require": {
                "pear/console_getopt": "~1.4",
                "pear/pear_exception": "~1.0"
            },
            "replace": {
                "rsky/pear-core-min": "self.version"
            },
            "type": "library",
            "autoload": {
                "psr-0": {
                    "": "src/"
                }
            },
            "notification-url": "https://packagist.org/downloads/",
            "include-path": [
                "src/"
            ],
            "license": [
                "BSD-3-Clause"
            ],
            "authors": [
                {
                    "name": "Christian Weiske",
                    "email": "cweiske@php.net",
                    "role": "Lead"
                }
            ],
            "description": "Minimal set of PEAR core files to be used as composer dependency",
            "support": {
                "issues": "http://pear.php.net/bugs/search.php?cmd=display&package_name[]=PEAR",
                "source": "https://github.com/pear/pear-core-minimal"
            },
            "time": "2021-08-10T22:31:03+00:00"
        },
        {
            "name": "pear/pear_exception",
            "version": "v1.0.2",
            "source": {
                "type": "git",
                "url": "https://github.com/pear/PEAR_Exception.git",
                "reference": "b14fbe2ddb0b9f94f5b24cf08783d599f776fff0"
            },
            "dist": {
                "type": "zip",
                "url": "https://api.github.com/repos/pear/PEAR_Exception/zipball/b14fbe2ddb0b9f94f5b24cf08783d599f776fff0",
                "reference": "b14fbe2ddb0b9f94f5b24cf08783d599f776fff0",
                "shasum": ""
            },
            "require": {
                "php": ">=5.2.0"
            },
            "require-dev": {
                "phpunit/phpunit": "<9"
            },
            "type": "class",
            "extra": {
                "branch-alias": {
                    "dev-master": "1.0.x-dev"
                }
            },
            "autoload": {
                "classmap": [
                    "PEAR/"
                ]
            },
            "notification-url": "https://packagist.org/downloads/",
            "include-path": [
                "."
            ],
            "license": [
                "BSD-2-Clause"
            ],
            "authors": [
                {
                    "name": "Helgi Thormar",
                    "email": "dufuz@php.net"
                },
                {
                    "name": "Greg Beaver",
                    "email": "cellog@php.net"
                }
            ],
            "description": "The PEAR Exception base class.",
            "homepage": "https://github.com/pear/PEAR_Exception",
            "keywords": [
                "exception"
            ],
            "support": {
                "issues": "http://pear.php.net/bugs/search.php?cmd=display&package_name[]=PEAR_Exception",
                "source": "https://github.com/pear/PEAR_Exception"
            },
            "time": "2021-03-21T15:43:46+00:00"
        },
        {
            "name": "spojenet/flexibee",
            "version": "dev-master",
            "source": {
                "type": "git",
                "url": "https://github.com/Spoje-NET/php-abraflexi.git",
                "reference": "ba9aa5189ef78752c9038ef446d45f81acfa6405"
            },
            "dist": {
                "type": "zip",
                "url": "https://api.github.com/repos/Spoje-NET/php-abraflexi/zipball/ba9aa5189ef78752c9038ef446d45f81acfa6405",
                "reference": "ba9aa5189ef78752c9038ef446d45f81acfa6405",
                "shasum": ""
            },
            "require": {
                "ext-curl": "*",
                "vitexsoftware/ease-core": ">=1.9"
            },
            "replace": {
                "spoje.net/flexibee": "*",
                "spoje.net/flexipeehp": "*"
            },
            "require-dev": {
                "phing/phing": "^2",
                "phpunit/phpunit": "^9"
            },
            "type": "library",
            "autoload": {
                "psr-4": {
                    "FlexiPeeHP\\": "src/FlexiPeeHP/"
                }
            },
            "notification-url": "https://packagist.org/downloads/",
            "license": [
                "MIT"
            ],
            "authors": [
                {
                    "name": "Vítězslav Dvořák",
                    "email": "vitex@arachne.cz"
                }
            ],
            "description": "Library for easy interaction with czech accounting system FlexiBee.",
            "support": {
                "issues": "https://github.com/Spoje-NET/php-abraflexi/issues",
                "source": "https://github.com/Spoje-NET/php-abraflexi/tree/master"
            },
            "time": "2021-05-20T20:03:57+00:00"
        },
        {
            "name": "vitexsoftware/ease-core",
            "version": "1.37",
            "source": {
                "type": "git",
                "url": "https://github.com/VitexSoftware/php-ease-core.git",
                "reference": "c92bbd3a0669d36970ef6f4e31e7721a5a679871"
            },
            "dist": {
                "type": "zip",
                "url": "https://api.github.com/repos/VitexSoftware/php-ease-core/zipball/c92bbd3a0669d36970ef6f4e31e7721a5a679871",
                "reference": "c92bbd3a0669d36970ef6f4e31e7721a5a679871",
                "shasum": ""
            },
            "require": {
                "pear/mail": ">=1.3",
                "pear/mail_mime": ">=1.10",
                "php": ">=7"
            },
            "conflict": {
                "vitexsoftware/ease-framework": "*"
            },
            "require-dev": {
                "phpunit/phpunit": ">=9",
                "roave/security-advisories": "dev-latest"
            },
            "type": "library",
            "autoload": {
                "psr-4": {
                    "Ease\\": "src/Ease/",
                    "Ease\\Logger\\": "src/Ease/Logger/"
                }
            },
            "notification-url": "https://packagist.org/downloads/",
            "license": [
                "MIT"
            ],
            "authors": [
                {
                    "name": "Vítězslav Dvořák",
                    "email": "info@vitexsoftware.cz",
                    "homepage": "http://v.s.cz/"
                }
            ],
            "description": "An PHP Framework for writing Applications",
            "homepage": "http://v.s.cz/ease.php",
            "support": {
                "issues": "https://github.com/VitexSoftware/php-ease-core/issues",
                "source": "https://github.com/VitexSoftware/php-ease-core/tree/1.37"
            },
            "funding": [
                {
                    "url": "https://www.patreon.com/VitexSoftware",
                    "type": "patreon"
                }
            ],
            "time": "2021-11-11T05:11:23+00:00"
        }
    ],
    "packages-dev": [],
    "aliases": [],
    "minimum-stability": "stable",
    "stability-flags": {
        "spojenet/flexibee": 20
    },
    "prefer-stable": false,
    "prefer-lowest": false,
    "platform": [],
    "platform-dev": [],
    "plugin-api-version": "2.3.0"
}
