{
    "_readme": [
        "This file locks the dependencies of your project to a known state",
        "Read more about it at https://getcomposer.org/doc/01-basic-usage.md#installing-dependencies",
        "This file is @generated automatically"
    ],
    "content-hash": "8e1ff573647e0673b40d4fe9798ce615",
    "packages": [
        {
            "name": "deb/abraflexi",
            "version": "3.6.5.383",
            "dist": {
                "type": "path",
                "url": "/usr/share/php/AbraFlexi",
                "reference": "8403823b6b0b048ed9429c5d8ee32811364bea51"
            },
            "require": {
                "deb/ease-core": "*",
                "ext-curl": "*",
                "ext-json": "*"
            },
            "type": "library",
            "autoload": {
                "psr-4": {
                    "AbraFlexi\\": "."
                }
            },
            "license": [
                "GPL-2.0+"
            ],
            "authors": [
                {
                    "name": "Vítězslav Dvořák",
                    "email": "vitex@arachne.cz"
                }
            ],
            "description": "Library for easy interaction with czech accounting system AbraFlexi.",
            "homepage": "https://github.com/Spoje-NET/php-abraflexi",
            "transport-options": {
                "relative": false
            }
        },
        {
            "name": "deb/ease-core",
            "version": "1.49.1.319",
            "dist": {
                "type": "path",
                "url": "/usr/share/php/EaseCore",
                "reference": "bada6ade733b0010eea1627daefc5ecc64a236f0"
            },
            "require": {
                "composer-runtime-api": "*",
                "php": ">=7"
            },
            "type": "library",
            "autoload": {
                "psr-4": {
                    "Ease\\": ".",
                    "Ease\\Logger\\": "Logger"
                }
            },
            "license": [
                "GPL-2.0+"
            ],
            "authors": [
                {
                    "name": "Vítězslav Dvořák",
                    "email": "info@vitexsoftware.cz",
                    "homepage": "http://v.s.cz/"
                }
            ],
            "description": "An Core of PHP Framework for Ease of writing Applications (debianized)",
            "homepage": "http://v.s.cz/ease.php",
            "transport-options": {
                "relative": false
            }
        }
    ],
    "packages-dev": [],
    "aliases": [],
    "minimum-stability": "stable",
    "stability-flags": {},
    "prefer-stable": false,
    "prefer-lowest": false,
    "platform": {},
    "platform-dev": {},
    "plugin-api-version": "2.6.0"
}
